
Microsoft Visual Studio Solution File, Format Version 12.00
# Visual Studio Version 17
VisualStudioVersion = 17.14.36109.1
MinimumVisualStudioVersion = 10.0.40219.1
Project("{FAE04EC0-301F-11D3-BF4B-00C04F79EFBC}") = "MedOps", "MedOps\MedOps.csproj", "{DDBAC9A7-251E-E84A-5A11-493C4CB850E6}"
EndProject
Global
	GlobalSection(SolutionConfigurationPlatforms) = preSolution
		Debug|Any CPU = Debug|Any CPU
		Release|Any CPU = Release|Any CPU
	EndGlobalSection
	GlobalSection(ProjectConfigurationPlatforms) = postSolution
		{DDBAC9A7-251E-E84A-5A11-493C4CB850E6}.Debug|Any CPU.ActiveCfg = Debug|Any CPU
		{DDBAC9A7-251E-E84A-5A11-493C4CB850E6}.Debug|Any CPU.Build.0 = Debug|Any CPU
		{DDBAC9A7-251E-E84A-5A11-493C4CB850E6}.Release|Any CPU.ActiveCfg = Release|Any CPU
		{DDBAC9A7-251E-E84A-5A11-493C4CB850E6}.Release|Any CPU.Build.0 = Release|Any CPU
	EndGlobalSection
	GlobalSection(SolutionProperties) = preSolution
		HideSolutionNode = FALSE
	EndGlobalSection
	GlobalSection(ExtensibilityGlobals) = postSolution
		SolutionGuid = {40C97EF3-F36A-469A-90C3-85588EA0E4FD}
	EndGlobalSection
EndGlobal
